
Microsoft Visual Studio Solution File, Format Version 12.00
# Visual Studio Version 17
VisualStudioVersion = 17.2.32616.157
MinimumVisualStudioVersion = 10.0.40219.1
Project("{FAE04EC0-301F-11D3-BF4B-00C04F79EFBC}") = "InfoSolutionTeste", "InfoSolutionTeste\InfoSolutionTeste.csproj", "{1B39B99B-E2CA-4728-BB5D-35E3AB75769A}"
EndProject
Project("{FAE04EC0-301F-11D3-BF4B-00C04F79EFBC}") = "Infra", "Infra\Infra.csproj", "{9B5D5F66-3D34-43E8-8169-344D2556EEE2}"
EndProject
Project("{FAE04EC0-301F-11D3-BF4B-00C04F79EFBC}") = "Domain", "Domain\Domain.csproj", "{5996D13A-7A30-4BAA-B186-9176AC805A80}"
EndProject
Project("{FAE04EC0-301F-11D3-BF4B-00C04F79EFBC}") = "Application", "Application\Application.csproj", "{4C001B67-0CF2-49F2-81D7-65213DAB1AF0}"
EndProject
Global
	GlobalSection(SolutionConfigurationPlatforms) = preSolution
		Debug|Any CPU = Debug|Any CPU
		Release|Any CPU = Release|Any CPU
	EndGlobalSection
	GlobalSection(ProjectConfigurationPlatforms) = postSolution
		{1B39B99B-E2CA-4728-BB5D-35E3AB75769A}.Debug|Any CPU.ActiveCfg = Debug|Any CPU
		{1B39B99B-E2CA-4728-BB5D-35E3AB75769A}.Debug|Any CPU.Build.0 = Debug|Any CPU
		{1B39B99B-E2CA-4728-BB5D-35E3AB75769A}.Release|Any CPU.ActiveCfg = Release|Any CPU
		{1B39B99B-E2CA-4728-BB5D-35E3AB75769A}.Release|Any CPU.Build.0 = Release|Any CPU
		{9B5D5F66-3D34-43E8-8169-344D2556EEE2}.Debug|Any CPU.ActiveCfg = Debug|Any CPU
		{9B5D5F66-3D34-43E8-8169-344D2556EEE2}.Debug|Any CPU.Build.0 = Debug|Any CPU
		{9B5D5F66-3D34-43E8-8169-344D2556EEE2}.Release|Any CPU.ActiveCfg = Release|Any CPU
		{9B5D5F66-3D34-43E8-8169-344D2556EEE2}.Release|Any CPU.Build.0 = Release|Any CPU
		{5996D13A-7A30-4BAA-B186-9176AC805A80}.Debug|Any CPU.ActiveCfg = Debug|Any CPU
		{5996D13A-7A30-4BAA-B186-9176AC805A80}.Debug|Any CPU.Build.0 = Debug|Any CPU
		{5996D13A-7A30-4BAA-B186-9176AC805A80}.Release|Any CPU.ActiveCfg = Release|Any CPU
		{5996D13A-7A30-4BAA-B186-9176AC805A80}.Release|Any CPU.Build.0 = Release|Any CPU
		{4C001B67-0CF2-49F2-81D7-65213DAB1AF0}.Debug|Any CPU.ActiveCfg = Debug|Any CPU
		{4C001B67-0CF2-49F2-81D7-65213DAB1AF0}.Debug|Any CPU.Build.0 = Debug|Any CPU
		{4C001B67-0CF2-49F2-81D7-65213DAB1AF0}.Release|Any CPU.ActiveCfg = Release|Any CPU
		{4C001B67-0CF2-49F2-81D7-65213DAB1AF0}.Release|Any CPU.Build.0 = Release|Any CPU
	EndGlobalSection
	GlobalSection(SolutionProperties) = preSolution
		HideSolutionNode = FALSE
	EndGlobalSection
	GlobalSection(ExtensibilityGlobals) = postSolution
		SolutionGuid = {C85CCFB5-BEE1-4ED9-A9D8-13B9C6E38361}
	EndGlobalSection
EndGlobal
